
Microsoft Visual Studio Solution File, Format Version 12.00
# Visual Studio Version 17
VisualStudioVersion = 17.7.34031.279
MinimumVisualStudioVersion = 10.0.40219.1
Project("{FAE04EC0-301F-11D3-BF4B-00C04F79EFBC}") = "ComputerGrC_Sharp", "ComputerGrC_Sharp\ComputerGrC_Sharp.csproj", "{9168D1C7-EF7C-4827-B583-6E91B6BD776C}"
EndProject
Global
	GlobalSection(SolutionConfigurationPlatforms) = preSolution
		Debug|Any CPU = Debug|Any CPU
		Release|Any CPU = Release|Any CPU
	EndGlobalSection
	GlobalSection(ProjectConfigurationPlatforms) = postSolution
		{9168D1C7-EF7C-4827-B583-6E91B6BD776C}.Debug|Any CPU.ActiveCfg = Debug|Any CPU
		{9168D1C7-EF7C-4827-B583-6E91B6BD776C}.Debug|Any CPU.Build.0 = Debug|Any CPU
		{9168D1C7-EF7C-4827-B583-6E91B6BD776C}.Release|Any CPU.ActiveCfg = Release|Any CPU
		{9168D1C7-EF7C-4827-B583-6E91B6BD776C}.Release|Any CPU.Build.0 = Release|Any CPU
	EndGlobalSection
	GlobalSection(SolutionProperties) = preSolution
		HideSolutionNode = FALSE
	EndGlobalSection
	GlobalSection(ExtensibilityGlobals) = postSolution
		SolutionGuid = {AC88AF5D-E58B-4EAC-A4E6-8202E69522CB}
	EndGlobalSection
EndGlobal
